
Microsoft Visual Studio Solution File, Format Version 12.00
Project("{FAE04EC0-301F-11D3-BF4B-00C04F79EFBC}") = "Fibers", "Fibers\Fibers.csproj", "{B4945F8B-AE1D-4C77-B5A5-1F1C3B7EBE92}"
EndProject
Global
	GlobalSection(SolutionConfigurationPlatforms) = preSolution
		Debug|Any CPU = Debug|Any CPU
		Release|Any CPU = Release|Any CPU
	EndGlobalSection
	GlobalSection(ProjectConfigurationPlatforms) = postSolution
		{B4945F8B-AE1D-4C77-B5A5-1F1C3B7EBE92}.Debug|Any CPU.ActiveCfg = Debug|Any CPU
		{B4945F8B-AE1D-4C77-B5A5-1F1C3B7EBE92}.Debug|Any CPU.Build.0 = Debug|Any CPU
		{B4945F8B-AE1D-4C77-B5A5-1F1C3B7EBE92}.Release|Any CPU.ActiveCfg = Release|Any CPU
		{B4945F8B-AE1D-4C77-B5A5-1F1C3B7EBE92}.Release|Any CPU.Build.0 = Release|Any CPU
	EndGlobalSection
EndGlobal
