
Microsoft Visual Studio Solution File, Format Version 12.00
Project("{FAE04EC0-301F-11D3-BF4B-00C04F79EFBC}") = "ThreadPool", "ThreadPool\ThreadPool.csproj", "{F4B90AD2-E058-4947-AF7A-88CB30081BD9}"
EndProject
Project("{FAE04EC0-301F-11D3-BF4B-00C04F79EFBC}") = "ThreadPoolTests", "ThreadPoolTests\ThreadPoolTests.csproj", "{4F984D0B-E2A1-453E-AF04-A9B2D7F9B9DA}"
EndProject
Global
	GlobalSection(SolutionConfigurationPlatforms) = preSolution
		Debug|Any CPU = Debug|Any CPU
		Release|Any CPU = Release|Any CPU
	EndGlobalSection
	GlobalSection(ProjectConfigurationPlatforms) = postSolution
		{F4B90AD2-E058-4947-AF7A-88CB30081BD9}.Debug|Any CPU.ActiveCfg = Debug|Any CPU
		{F4B90AD2-E058-4947-AF7A-88CB30081BD9}.Debug|Any CPU.Build.0 = Debug|Any CPU
		{F4B90AD2-E058-4947-AF7A-88CB30081BD9}.Release|Any CPU.ActiveCfg = Release|Any CPU
		{F4B90AD2-E058-4947-AF7A-88CB30081BD9}.Release|Any CPU.Build.0 = Release|Any CPU
		{4F984D0B-E2A1-453E-AF04-A9B2D7F9B9DA}.Debug|Any CPU.ActiveCfg = Debug|Any CPU
		{4F984D0B-E2A1-453E-AF04-A9B2D7F9B9DA}.Debug|Any CPU.Build.0 = Debug|Any CPU
		{4F984D0B-E2A1-453E-AF04-A9B2D7F9B9DA}.Release|Any CPU.ActiveCfg = Release|Any CPU
		{4F984D0B-E2A1-453E-AF04-A9B2D7F9B9DA}.Release|Any CPU.Build.0 = Release|Any CPU
	EndGlobalSection
EndGlobal
